
Microsoft Visual Studio Solution File, Format Version 12.00
# Visual Studio Version 17
VisualStudioVersion = 17.2.32526.322
MinimumVisualStudioVersion = 10.0.40219.1
Project("{FAE04EC0-301F-11D3-BF4B-00C04F79EFBC}") = "MoodAnalysis", "MoodAnalysis\MoodAnalysis.csproj", "{2D40AB67-FFFC-4A74-B0D9-3B7758987127}"
EndProject
Global
	GlobalSection(SolutionConfigurationPlatforms) = preSolution
		Debug|Any CPU = Debug|Any CPU
		Release|Any CPU = Release|Any CPU
	EndGlobalSection
	GlobalSection(ProjectConfigurationPlatforms) = postSolution
		{2D40AB67-FFFC-4A74-B0D9-3B7758987127}.Debug|Any CPU.ActiveCfg = Debug|Any CPU
		{2D40AB67-FFFC-4A74-B0D9-3B7758987127}.Debug|Any CPU.Build.0 = Debug|Any CPU
		{2D40AB67-FFFC-4A74-B0D9-3B7758987127}.Release|Any CPU.ActiveCfg = Release|Any CPU
		{2D40AB67-FFFC-4A74-B0D9-3B7758987127}.Release|Any CPU.Build.0 = Release|Any CPU
	EndGlobalSection
	GlobalSection(SolutionProperties) = preSolution
		HideSolutionNode = FALSE
	EndGlobalSection
	GlobalSection(ExtensibilityGlobals) = postSolution
		SolutionGuid = {644A3BB4-540C-46ED-8F55-8459D8F046D4}
	EndGlobalSection
EndGlobal
